
Microsoft Visual Studio Solution File, Format Version 12.00
# Visual Studio Express 2012 for Windows Desktop
Project("{FAE04EC0-301F-11D3-BF4B-00C04F79EFBC}") = "StringTester", "StringTester\StringTester.csproj", "{07D50876-7B88-4427-931E-144890CEB84D}"
EndProject
Global
	GlobalSection(SolutionConfigurationPlatforms) = preSolution
		Debug|Any CPU = Debug|Any CPU
		Release|Any CPU = Release|Any CPU
	EndGlobalSection
	GlobalSection(ProjectConfigurationPlatforms) = postSolution
		{07D50876-7B88-4427-931E-144890CEB84D}.Debug|Any CPU.ActiveCfg = Debug|Any CPU
		{07D50876-7B88-4427-931E-144890CEB84D}.Debug|Any CPU.Build.0 = Debug|Any CPU
		{07D50876-7B88-4427-931E-144890CEB84D}.Release|Any CPU.ActiveCfg = Release|Any CPU
		{07D50876-7B88-4427-931E-144890CEB84D}.Release|Any CPU.Build.0 = Release|Any CPU
	EndGlobalSection
	GlobalSection(SolutionProperties) = preSolution
		HideSolutionNode = FALSE
	EndGlobalSection
EndGlobal
